
Microsoft Visual Studio Solution File, Format Version 12.00
# Visual Studio Version 17
VisualStudioVersion = 17.11.35327.3
MinimumVisualStudioVersion = 10.0.40219.1
Project("{FAE04EC0-301F-11D3-BF4B-00C04F79EFBC}") = "Softhills.Database", "Softhills.Database\Softhills.Database.csproj", "{CD07C874-22D4-4174-9609-1C1364A147B5}"
EndProject
Project("{FAE04EC0-301F-11D3-BF4B-00C04F79EFBC}") = "Softhills.Server", "Softhills.Server\Softhills.Server.csproj", "{A463B831-358D-4EE4-A992-EA5344153480}"
EndProject
Global
	GlobalSection(SolutionConfigurationPlatforms) = preSolution
		Debug|Any CPU = Debug|Any CPU
		Release|Any CPU = Release|Any CPU
	EndGlobalSection
	GlobalSection(ProjectConfigurationPlatforms) = postSolution
		{CD07C874-22D4-4174-9609-1C1364A147B5}.Debug|Any CPU.ActiveCfg = Debug|Any CPU
		{CD07C874-22D4-4174-9609-1C1364A147B5}.Debug|Any CPU.Build.0 = Debug|Any CPU
		{CD07C874-22D4-4174-9609-1C1364A147B5}.Release|Any CPU.ActiveCfg = Release|Any CPU
		{CD07C874-22D4-4174-9609-1C1364A147B5}.Release|Any CPU.Build.0 = Release|Any CPU
		{A463B831-358D-4EE4-A992-EA5344153480}.Debug|Any CPU.ActiveCfg = Debug|Any CPU
		{A463B831-358D-4EE4-A992-EA5344153480}.Debug|Any CPU.Build.0 = Debug|Any CPU
		{A463B831-358D-4EE4-A992-EA5344153480}.Release|Any CPU.ActiveCfg = Release|Any CPU
		{A463B831-358D-4EE4-A992-EA5344153480}.Release|Any CPU.Build.0 = Release|Any CPU
	EndGlobalSection
	GlobalSection(SolutionProperties) = preSolution
		HideSolutionNode = FALSE
	EndGlobalSection
	GlobalSection(ExtensibilityGlobals) = postSolution
		SolutionGuid = {61CC958E-E8A2-481F-9AEE-359CECA1BA9D}
	EndGlobalSection
EndGlobal
